
Microsoft Visual Studio Solution File, Format Version 12.00
# Visual Studio Version 16
VisualStudioVersion = 16.0.31829.152
MinimumVisualStudioVersion = 10.0.40219.1
Project("{FAE04EC0-301F-11D3-BF4B-00C04F79EFBC}") = "NextServerAvailable", "NextServerAvailable.csproj", "{A60139D2-50EE-472A-A75D-0FA28F507353}"
EndProject
Global
	GlobalSection(SolutionConfigurationPlatforms) = preSolution
		Debug|Any CPU = Debug|Any CPU
		Release|Any CPU = Release|Any CPU
	EndGlobalSection
	GlobalSection(ProjectConfigurationPlatforms) = postSolution
		{A60139D2-50EE-472A-A75D-0FA28F507353}.Debug|Any CPU.ActiveCfg = Debug|Any CPU
		{A60139D2-50EE-472A-A75D-0FA28F507353}.Debug|Any CPU.Build.0 = Debug|Any CPU
		{A60139D2-50EE-472A-A75D-0FA28F507353}.Release|Any CPU.ActiveCfg = Release|Any CPU
		{A60139D2-50EE-472A-A75D-0FA28F507353}.Release|Any CPU.Build.0 = Release|Any CPU
	EndGlobalSection
	GlobalSection(SolutionProperties) = preSolution
		HideSolutionNode = FALSE
	EndGlobalSection
	GlobalSection(ExtensibilityGlobals) = postSolution
		SolutionGuid = {F3BE6E65-EB73-4A47-900E-6E2A4C39E0B4}
	EndGlobalSection
EndGlobal
